
Microsoft Visual Studio Solution File, Format Version 12.00
# Visual Studio Version 17
VisualStudioVersion = 17.8.34309.116
MinimumVisualStudioVersion = 10.0.40219.1
Project("{FAE04EC0-301F-11D3-BF4B-00C04F79EFBC}") = "Presentacion", "TrabajoFinalProgramacion\Presentacion.csproj", "{4D8F3F27-BDB7-433C-BF67-3F87962E425A}"
EndProject
Project("{FAE04EC0-301F-11D3-BF4B-00C04F79EFBC}") = "FormMainMenu", "FormMainMenu\FormMainMenu.csproj", "{1BB75F62-02A4-4BC8-B98E-8ABEA2F55BF0}"
EndProject
Global
	GlobalSection(SolutionConfigurationPlatforms) = preSolution
		Debug|Any CPU = Debug|Any CPU
		Release|Any CPU = Release|Any CPU
	EndGlobalSection
	GlobalSection(ProjectConfigurationPlatforms) = postSolution
		{4D8F3F27-BDB7-433C-BF67-3F87962E425A}.Debug|Any CPU.ActiveCfg = Debug|Any CPU
		{4D8F3F27-BDB7-433C-BF67-3F87962E425A}.Debug|Any CPU.Build.0 = Debug|Any CPU
		{4D8F3F27-BDB7-433C-BF67-3F87962E425A}.Release|Any CPU.ActiveCfg = Release|Any CPU
		{4D8F3F27-BDB7-433C-BF67-3F87962E425A}.Release|Any CPU.Build.0 = Release|Any CPU
		{1BB75F62-02A4-4BC8-B98E-8ABEA2F55BF0}.Debug|Any CPU.ActiveCfg = Debug|Any CPU
		{1BB75F62-02A4-4BC8-B98E-8ABEA2F55BF0}.Debug|Any CPU.Build.0 = Debug|Any CPU
		{1BB75F62-02A4-4BC8-B98E-8ABEA2F55BF0}.Release|Any CPU.ActiveCfg = Release|Any CPU
		{1BB75F62-02A4-4BC8-B98E-8ABEA2F55BF0}.Release|Any CPU.Build.0 = Release|Any CPU
	EndGlobalSection
	GlobalSection(SolutionProperties) = preSolution
		HideSolutionNode = FALSE
	EndGlobalSection
	GlobalSection(ExtensibilityGlobals) = postSolution
		SolutionGuid = {5A5C1F99-8B5F-41A6-828C-342093CD0F7B}
	EndGlobalSection
EndGlobal
